schema: '2.0'
stages:
  data_ingestion:
    cmd: python src/deepClassifier/pipeline/stage_01_data_ingestion.py
    deps:
    - path: configs/config.yaml
      md5: 791b48e314db74f7b6fe4a27c97383b1
      size: 868
    - path: src/deepClassifier/pipeline/stage_01_data_ingestion.py
      md5: f172a70cf599c77bbef01c290e2c9f6c
      size: 717
    outs:
    - path: artifacts/data_ingestion/PetImages
      md5: 3a5cf86541f22c236620ce5b952ad684.dir
      size: 848866410
      nfiles: 24998
  prepare_base_model:
    cmd: python src/deepClassifier/pipeline/stage_02_prepare_base_model.py
    deps:
    - path: configs/config.yaml
      md5: 791b48e314db74f7b6fe4a27c97383b1
      size: 868
    - path: src/deepClassifier/pipeline/stage_02_prepare_base_model.py
      md5: ea9ac3fa13b540d57d380761d66538fb
      size: 810
    params:
      params.yaml:
        CLASSES: 2
        IMAGE_SIZE:
        - 224
        - 224
        - 3
        INCLUDE_TOP: false
        LEARNING_RATE: 0.01
        WEIGHTS: imagenet
    outs:
    - path: artifacts/prepare_base_model
      md5: c25e6a5ff2a7cac68994083e5e6c2fb0.dir
      size: 118053368
      nfiles: 2
  training:
    cmd: python src/deepClassifier/pipeline/stage_03_training.py
    deps:
    - path: artifacts/data_ingestion/PetImages
      md5: 3a5cf86541f22c236620ce5b952ad684.dir
      size: 848866410
      nfiles: 24998
    - path: artifacts/prepare_base_model
      md5: c25e6a5ff2a7cac68994083e5e6c2fb0.dir
      size: 118053368
      nfiles: 2
    - path: configs/config.yaml
      md5: 791b48e314db74f7b6fe4a27c97383b1
      size: 868
    - path: src/deepClassifier/components/prepare_callback.py
      md5: c7fe17e3d1a355bbae7ed8b650b64f1c
      size: 914
    - path: src/deepClassifier/pipeline/stage_03_training.py
      md5: 19a062ff5ce1b54789453df5348d1700
      size: 1040
    params:
      params.yaml:
        AUGMENTATION: true
        BATCH_SIZE: 16
        EPOCHS: 1
        IMAGE_SIZE:
        - 224
        - 224
        - 3
    outs:
    - path: artifacts/training/model.h5
      md5: 6fd6e0951554cd13ece8f3488a7ea9d7
      size: 59135136
  evaluation:
    cmd: python src/deepClassifier/pipeline/stage_04_evaluation.py
    deps:
    - path: artifacts/data_ingestion/PetImages
      md5: 3a5cf86541f22c236620ce5b952ad684.dir
      size: 848866410
      nfiles: 24998
    - path: artifacts/training/model.h5
      md5: 6fd6e0951554cd13ece8f3488a7ea9d7
      size: 59135136
    - path: configs/config.yaml
      md5: 791b48e314db74f7b6fe4a27c97383b1
      size: 868
    - path: src/deepClassifier/pipeline/stage_04_evaluation.py
      md5: f0722227bc8994e13fb82e11dc880706
      size: 746
    params:
      params.yaml:
        BATCH_SIZE: 16
        IMAGE_SIZE:
        - 224
        - 224
        - 3
    outs:
    - path: scores.json
      md5: 4633cc285b6413fa1a29d7bc0decf56b
      size: 73
